
Microsoft Visual Studio Solution File, Format Version 12.00
# Visual Studio Version 17
VisualStudioVersion = 17.1.32210.238
MinimumVisualStudioVersion = 10.0.40219.1
Project("{FAE04EC0-301F-11D3-BF4B-00C04F79EFBC}") = "NotifyIcon", "NotifyIcon\NotifyIcon.csproj", "{6131C543-42E1-4618-962B-E4A0D723183C}"
EndProject
Global
	GlobalSection(SolutionConfigurationPlatforms) = preSolution
		Debug|Any CPU = Debug|Any CPU
		Release|Any CPU = Release|Any CPU
	EndGlobalSection
	GlobalSection(ProjectConfigurationPlatforms) = postSolution
		{6131C543-42E1-4618-962B-E4A0D723183C}.Debug|Any CPU.ActiveCfg = Debug|Any CPU
		{6131C543-42E1-4618-962B-E4A0D723183C}.Debug|Any CPU.Build.0 = Debug|Any CPU
		{6131C543-42E1-4618-962B-E4A0D723183C}.Release|Any CPU.ActiveCfg = Release|Any CPU
		{6131C543-42E1-4618-962B-E4A0D723183C}.Release|Any CPU.Build.0 = Release|Any CPU
	EndGlobalSection
	GlobalSection(SolutionProperties) = preSolution
		HideSolutionNode = FALSE
	EndGlobalSection
	GlobalSection(ExtensibilityGlobals) = postSolution
		SolutionGuid = {A130EF88-15AA-4C33-B517-87EE750FC005}
	EndGlobalSection
EndGlobal
